{
  "version": 4,
  "terraform_version": "1.2.8",
  "serial": 441,
  "lineage": "33301d8f-b66a-2f8e-9fcb-64f9a064a5dd",
  "outputs": {},
  "resources": [
    {
      "mode": "data",
      "type": "aws_availability_zones",
      "name": "available",
      "provider": "provider[\"registry.terraform.io/hashicorp/aws\"]",
      "instances": [
        {
          "schema_version": 0,
          "attributes": {
            "all_availability_zones": null,
            "exclude_names": null,
            "exclude_zone_ids": null,
            "filter": null,
            "group_names": [
              "ap-south-1"
            ],
            "id": "ap-south-1",
            "names": [
              "ap-south-1a",
              "ap-south-1b",
              "ap-south-1c"
            ],
            "state": "available",
            "timeouts": null,
            "zone_ids": [
              "aps1-az1",
              "aps1-az3",
              "aps1-az2"
            ]
          },
          "sensitive_attributes": []
        }
      ]
    },
    {
      "module": "module.ec2",
      "mode": "data",
      "type": "template_file",
      "name": "nginx",
      "provider": "provider[\"registry.terraform.io/hashicorp/template\"]",
      "instances": [
        {
          "schema_version": 0,
          "attributes": {
            "filename": null,
            "id": "9a2edd59dbecf16ef1a5482b0927c94c4a81591e863866f056279ba24df1bb5a",
            "rendered": "##\n# You should look at the following URL's in order to grasp a solid understanding\n# of Nginx configuration files in order to fully unleash the power of Nginx.\n# https://www.nginx.com/resources/wiki/start/\n# https://www.nginx.com/resources/wiki/start/topics/tutorials/config_pitfalls/\n# https://wiki.debian.org/Nginx/DirectoryStructure\n#\n# In most cases, administrators will remove this file from sites-enabled/ and\n# leave it as reference inside of sites-available where it will continue to be\n# updated by the nginx packaging team.\n#\n# This file will automatically load configuration files provided by other\n# applications, such as Drupal or Wordpress. These applications will be made\n# available underneath a path with that package name, such as /drupal8.\n#\n# Please see /usr/share/doc/nginx-doc/examples/ for more detailed examples.\n##\n\n# Default server configuration\n#\nserver {\n\tlisten 80;\n\t#listen [::]:80;\n\n\t# SSL configuration\n\t#\n\t# listen 443 ssl default_server;\n\t# listen [::]:443 ssl default_server;\n\t#\n\t# Note: You should disable gzip for SSL traffic.\n\t# See: https://bugs.debian.org/773332\n\t#\n\t# Read up on ssl_ciphers to ensure a secure configuration.\n\t# See: https://bugs.debian.org/765782\n\t#\n\t# Self signed certs generated by the ssl-cert package\n\t# Don't use them in a production server!\n\t#\n\t# include snippets/snakeoil.conf;\n\n\troot /var/www/html/wordpress;\n\n\t# Add index.php to the list if you are using PHP\n\tindex index.html index.htm index.nginx-debian.html;\n\n\tserver_name _;\n\n\tlocation / {\n\t\t# First attempt to serve request as file, then\n\t\t# as directory, then fall back to displaying a 404.\n\t\ttry_files $uri $uri/ =404;\n\t}\n\n\t# pass PHP scripts to FastCGI server\n\t#\n\tlocation ~ \\.php$ {\n\t\tinclude snippets/fastcgi-php.conf;\n\t#\n\t#\t# With php-fpm (or other unix sockets):\n\t\tfastcgi_pass unix:/run/php/php8.1-fpm.sock;\n\t#\t# With php-cgi (or other tcp sockets):\n\t#\tfastcgi_pass 127.0.0.1:9000;\n\t}\n\n\t# deny access to .htaccess files, if Apache's document root\n\t# concurs with nginx's one\n\t#\n\t#location ~ /\\.ht {\n\t#\tdeny all;\n\t#}\n}\n\n\n# Virtual Host configuration for example.com\n#\n# You can move that to a different file under sites-available/ and symlink that\n# to sites-enabled/ to enable it.\n#\n#server {\n#\tlisten 80;\n#\tlisten [::]:80;\n#\n#\tserver_name example.com;\n#\n#\troot /var/www/example.com;\n#\tindex index.html;\n#\n#\tlocation / {\n#\t\ttry_files $uri $uri/ =404;\n#\t}\n#}\n",
            "template": "##\n# You should look at the following URL's in order to grasp a solid understanding\n# of Nginx configuration files in order to fully unleash the power of Nginx.\n# https://www.nginx.com/resources/wiki/start/\n# https://www.nginx.com/resources/wiki/start/topics/tutorials/config_pitfalls/\n# https://wiki.debian.org/Nginx/DirectoryStructure\n#\n# In most cases, administrators will remove this file from sites-enabled/ and\n# leave it as reference inside of sites-available where it will continue to be\n# updated by the nginx packaging team.\n#\n# This file will automatically load configuration files provided by other\n# applications, such as Drupal or Wordpress. These applications will be made\n# available underneath a path with that package name, such as /drupal8.\n#\n# Please see /usr/share/doc/nginx-doc/examples/ for more detailed examples.\n##\n\n# Default server configuration\n#\nserver {\n\tlisten 80;\n\t#listen [::]:80;\n\n\t# SSL configuration\n\t#\n\t# listen 443 ssl default_server;\n\t# listen [::]:443 ssl default_server;\n\t#\n\t# Note: You should disable gzip for SSL traffic.\n\t# See: https://bugs.debian.org/773332\n\t#\n\t# Read up on ssl_ciphers to ensure a secure configuration.\n\t# See: https://bugs.debian.org/765782\n\t#\n\t# Self signed certs generated by the ssl-cert package\n\t# Don't use them in a production server!\n\t#\n\t# include snippets/snakeoil.conf;\n\n\troot /var/www/html/wordpress;\n\n\t# Add index.php to the list if you are using PHP\n\tindex index.html index.htm index.nginx-debian.html;\n\n\tserver_name _;\n\n\tlocation / {\n\t\t# First attempt to serve request as file, then\n\t\t# as directory, then fall back to displaying a 404.\n\t\ttry_files $uri $uri/ =404;\n\t}\n\n\t# pass PHP scripts to FastCGI server\n\t#\n\tlocation ~ \\.php$ {\n\t\tinclude snippets/fastcgi-php.conf;\n\t#\n\t#\t# With php-fpm (or other unix sockets):\n\t\tfastcgi_pass unix:/run/php/php8.1-fpm.sock;\n\t#\t# With php-cgi (or other tcp sockets):\n\t#\tfastcgi_pass 127.0.0.1:9000;\n\t}\n\n\t# deny access to .htaccess files, if Apache's document root\n\t# concurs with nginx's one\n\t#\n\t#location ~ /\\.ht {\n\t#\tdeny all;\n\t#}\n}\n\n\n# Virtual Host configuration for example.com\n#\n# You can move that to a different file under sites-available/ and symlink that\n# to sites-enabled/ to enable it.\n#\n#server {\n#\tlisten 80;\n#\tlisten [::]:80;\n#\n#\tserver_name example.com;\n#\n#\troot /var/www/example.com;\n#\tindex index.html;\n#\n#\tlocation / {\n#\t\ttry_files $uri $uri/ =404;\n#\t}\n#}\n",
            "vars": null
          },
          "sensitive_attributes": []
        }
      ]
    },
    {
      "module": "module.ec2",
      "mode": "data",
      "type": "template_file",
      "name": "wpconfig",
      "provider": "provider[\"registry.terraform.io/hashicorp/template\"]",
      "instances": [
        {
          "schema_version": 0,
          "attributes": {
            "filename": null,
            "id": "a21f51b734f7bf42724b9b2cdf042c3767e7a1380207ec7736cd0554d418f935",
            "rendered": "\u003c?php\n/**\n * The base configuration for WordPress\n *\n * The wp-config.php creation script uses this file during the\n * installation. You don't have to use the web site, you can\n * copy this file to \"wp-config.php\" and fill in the values.\n *\n * This file contains the following configurations:\n *\n * * MySQL settings\n * * Secret keys\n * * Database table prefix\n * * ABSPATH\n *\n * @link https://codex.wordpress.org/Editing_wp-config.php\n *\n * @package WordPress\n */\n\n// ** MySQL settings - You can get this info from your web host ** //\n/** The name of the database for WordPress */\ndefine( 'DB_NAME', 'myname' );\n\n/** MySQL database username */\ndefine( 'DB_USER', 'admin' );\n\n/** MySQL database password */\ndefine( 'DB_PASSWORD', 'Password123' );\n\n/** MySQL hostname */\ndefine( 'DB_HOST', 'terraform-20220905110546337500000001.cgytpyan0ktk.ap-south-1.rds.amazonaws.com' );\n\n/** Database Charset to use in creating database tables. */\ndefine( 'DB_CHARSET', 'utf8' );\n\n/** The Database Collate type. Don't change this if in doubt. */\ndefine( 'DB_COLLATE', '' );\n\n/**#@+\n * Authentication Unique Keys and Salts.\n *\n * Change these to different unique phrases!\n * You can generate these using the {@link https://api.wordpress.org/secret-key/1.1/salt/ WordPress.org secret-key service}\n * You can change these at any point in time to invalidate all existing cookies. This will force all users to have to log in again.\n *\n * @since 2.6.0\n */\ndefine( 'AUTH_KEY',         'put your unique phrase here' );\ndefine( 'SECURE_AUTH_KEY',  'put your unique phrase here' );\ndefine( 'LOGGED_IN_KEY',    'put your unique phrase here' );\ndefine( 'NONCE_KEY',        'put your unique phrase here' );\ndefine( 'AUTH_SALT',        'put your unique phrase here' );\ndefine( 'SECURE_AUTH_SALT', 'put your unique phrase here' );\ndefine( 'LOGGED_IN_SALT',   'put your unique phrase here' );\ndefine( 'NONCE_SALT',       'put your unique phrase here' );\n\n/**#@-*/\n\n/**\n * WordPress Database Table prefix.\n *\n * You can have multiple installations in one database if you give each\n * a unique prefix. Only numbers, letters, and underscores please!\n */\n$table_prefix = 'wp_';\n\n/**\n * For developers: WordPress debugging mode.\n *\n * Change this to true to enable the display of notices during development.\n * It is strongly recommended that plugin and theme developers use WP_DEBUG\n * in their development environments.\n *\n * For information on other constants that can be used for debugging,\n * visit the Codex.\n *\n * @link https://codex.wordpress.org/Debugging_in_WordPress\n */\ndefine( 'WP_DEBUG', false );\n\n/* That's all, stop editing! Happy publishing. */\n\n/** Absolute path to the WordPress directory. */\nif ( ! defined( 'ABSPATH' ) ) {\n\tdefine( 'ABSPATH', dirname( __FILE__ ) . '/' );\n}\n\n/** Sets up WordPress vars and included files. */\nrequire_once( ABSPATH . 'wp-settings.php' );\n\n\n",
            "template": "\u003c?php\n/**\n * The base configuration for WordPress\n *\n * The wp-config.php creation script uses this file during the\n * installation. You don't have to use the web site, you can\n * copy this file to \"wp-config.php\" and fill in the values.\n *\n * This file contains the following configurations:\n *\n * * MySQL settings\n * * Secret keys\n * * Database table prefix\n * * ABSPATH\n *\n * @link https://codex.wordpress.org/Editing_wp-config.php\n *\n * @package WordPress\n */\n\n// ** MySQL settings - You can get this info from your web host ** //\n/** The name of the database for WordPress */\ndefine( 'DB_NAME', '${db_name}' );\n\n/** MySQL database username */\ndefine( 'DB_USER', '${db_user}' );\n\n/** MySQL database password */\ndefine( 'DB_PASSWORD', '${db_pass}' );\n\n/** MySQL hostname */\ndefine( 'DB_HOST', '${db_host}' );\n\n/** Database Charset to use in creating database tables. */\ndefine( 'DB_CHARSET', 'utf8' );\n\n/** The Database Collate type. Don't change this if in doubt. */\ndefine( 'DB_COLLATE', '' );\n\n/**#@+\n * Authentication Unique Keys and Salts.\n *\n * Change these to different unique phrases!\n * You can generate these using the {@link https://api.wordpress.org/secret-key/1.1/salt/ WordPress.org secret-key service}\n * You can change these at any point in time to invalidate all existing cookies. This will force all users to have to log in again.\n *\n * @since 2.6.0\n */\ndefine( 'AUTH_KEY',         'put your unique phrase here' );\ndefine( 'SECURE_AUTH_KEY',  'put your unique phrase here' );\ndefine( 'LOGGED_IN_KEY',    'put your unique phrase here' );\ndefine( 'NONCE_KEY',        'put your unique phrase here' );\ndefine( 'AUTH_SALT',        'put your unique phrase here' );\ndefine( 'SECURE_AUTH_SALT', 'put your unique phrase here' );\ndefine( 'LOGGED_IN_SALT',   'put your unique phrase here' );\ndefine( 'NONCE_SALT',       'put your unique phrase here' );\n\n/**#@-*/\n\n/**\n * WordPress Database Table prefix.\n *\n * You can have multiple installations in one database if you give each\n * a unique prefix. Only numbers, letters, and underscores please!\n */\n$table_prefix = 'wp_';\n\n/**\n * For developers: WordPress debugging mode.\n *\n * Change this to true to enable the display of notices during development.\n * It is strongly recommended that plugin and theme developers use WP_DEBUG\n * in their development environments.\n *\n * For information on other constants that can be used for debugging,\n * visit the Codex.\n *\n * @link https://codex.wordpress.org/Debugging_in_WordPress\n */\ndefine( 'WP_DEBUG', false );\n\n/* That's all, stop editing! Happy publishing. */\n\n/** Absolute path to the WordPress directory. */\nif ( ! defined( 'ABSPATH' ) ) {\n\tdefine( 'ABSPATH', dirname( __FILE__ ) . '/' );\n}\n\n/** Sets up WordPress vars and included files. */\nrequire_once( ABSPATH . 'wp-settings.php' );\n\n\n",
            "vars": {
              "db_host": "terraform-20220905110546337500000001.cgytpyan0ktk.ap-south-1.rds.amazonaws.com",
              "db_name": "myname",
              "db_pass": "Password123",
              "db_user": "admin"
            }
          },
          "sensitive_attributes": []
        }
      ]
    },
    {
      "module": "module.ec2",
      "mode": "managed",
      "type": "aws_db_instance",
      "name": "database-1",
      "provider": "provider[\"registry.terraform.io/hashicorp/aws\"]",
      "instances": [
        {
          "schema_version": 1,
          "attributes": {
            "address": "terraform-20220905110546337500000001.cgytpyan0ktk.ap-south-1.rds.amazonaws.com",
            "allocated_storage": 20,
            "allow_major_version_upgrade": null,
            "apply_immediately": null,
            "arn": "arn:aws:rds:ap-south-1:640262166032:db:terraform-20220905110546337500000001",
            "auto_minor_version_upgrade": true,
            "availability_zone": "ap-south-1a",
            "backup_retention_period": 0,
            "backup_window": "18:51-19:21",
            "ca_cert_identifier": "rds-ca-2019",
            "character_set_name": "",
            "copy_tags_to_snapshot": false,
            "customer_owned_ip_enabled": false,
            "db_name": "myname",
            "db_subnet_group_name": "sgn",
            "delete_automated_backups": true,
            "deletion_protection": false,
            "domain": "",
            "domain_iam_role_name": "",
            "enabled_cloudwatch_logs_exports": null,
            "endpoint": "terraform-20220905110546337500000001.cgytpyan0ktk.ap-south-1.rds.amazonaws.com:3306",
            "engine": "mysql",
            "engine_version": "8.0",
            "engine_version_actual": "8.0.28",
            "final_snapshot_identifier": null,
            "hosted_zone_id": "Z2VFMSZA74J7XZ",
            "iam_database_authentication_enabled": false,
            "id": "terraform-20220905110546337500000001",
            "identifier": "terraform-20220905110546337500000001",
            "identifier_prefix": "terraform-",
            "instance_class": "db.t3.micro",
            "iops": 0,
            "kms_key_id": "",
            "latest_restorable_time": "",
            "license_model": "general-public-license",
            "maintenance_window": "wed:06:32-wed:07:02",
            "max_allocated_storage": 0,
            "monitoring_interval": 0,
            "monitoring_role_arn": "",
            "multi_az": false,
            "name": "myname",
            "nchar_character_set_name": "",
            "network_type": "IPV4",
            "option_group_name": "default:mysql-8-0",
            "parameter_group_name": "default.mysql8.0",
            "password": "Password123",
            "performance_insights_enabled": false,
            "performance_insights_kms_key_id": "",
            "performance_insights_retention_period": 0,
            "port": 3306,
            "publicly_accessible": false,
            "replica_mode": "",
            "replicas": [],
            "replicate_source_db": "",
            "resource_id": "db-V3QCOOBIWSM63N6HIJA7N5PLJ4",
            "restore_to_point_in_time": [],
            "s3_import": [],
            "security_group_names": null,
            "skip_final_snapshot": true,
            "snapshot_identifier": null,
            "status": "available",
            "storage_encrypted": false,
            "storage_type": "gp2",
            "tags": null,
            "tags_all": {},
            "timeouts": null,
            "timezone": "",
            "username": "admin",
            "vpc_security_group_ids": [
              "sg-0c5ac5d48d52a02ca"
            ]
          },
          "sensitive_attributes": [],
          "private": "eyJlMmJmYjczMC1lY2FhLTExZTYtOGY4OC0zNDM2M2JjN2M0YzAiOnsiY3JlYXRlIjoyNDAwMDAwMDAwMDAwLCJkZWxldGUiOjM2MDAwMDAwMDAwMDAsInVwZGF0ZSI6NDgwMDAwMDAwMDAwMH0sInNjaGVtYV92ZXJzaW9uIjoiMSJ9",
          "dependencies": [
            "module.ec2.aws_db_subnet_group.sgn",
            "module.network.aws_subnet.pub-snet",
            "module.network.aws_vpc.vpc",
            "module.sg.aws_security_group.vpc-sg",
            "module.sg2.aws_security_group.vpc-sg"
          ]
        }
      ]
    },
    {
      "module": "module.ec2",
      "mode": "managed",
      "type": "aws_db_subnet_group",
      "name": "sgn",
      "provider": "provider[\"registry.terraform.io/hashicorp/aws\"]",
      "instances": [
        {
          "schema_version": 0,
          "attributes": {
            "arn": "arn:aws:rds:ap-south-1:640262166032:subgrp:sgn",
            "description": "Managed by Terraform",
            "id": "sgn",
            "name": "sgn",
            "name_prefix": "",
            "subnet_ids": [
              "subnet-0852350d28fa41548",
              "subnet-0a1385247a601acae"
            ],
            "supported_network_types": [
              "IPV4"
            ],
            "tags": {
              "Name": "My DB subnet group"
            },
            "tags_all": {
              "Name": "My DB subnet group"
            }
          },
          "sensitive_attributes": [],
          "private": "bnVsbA==",
          "dependencies": [
            "module.network.aws_subnet.pub-snet",
            "module.network.aws_vpc.vpc"
          ]
        }
      ]
    },
    {
      "module": "module.ec2",
      "mode": "managed",
      "type": "aws_instance",
      "name": "web",
      "provider": "provider[\"registry.terraform.io/hashicorp/aws\"]",
      "instances": [
        {
          "schema_version": 1,
          "attributes": {
            "ami": "ami-068257025f72f470d",
            "arn": "arn:aws:ec2:ap-south-1:640262166032:instance/i-0203cb5eb3119bd71",
            "associate_public_ip_address": true,
            "availability_zone": "ap-south-1a",
            "capacity_reservation_specification": [
              {
                "capacity_reservation_preference": "open",
                "capacity_reservation_target": []
              }
            ],
            "cpu_core_count": 1,
            "cpu_threads_per_core": 1,
            "credit_specification": [
              {
                "cpu_credits": "standard"
              }
            ],
            "disable_api_stop": false,
            "disable_api_termination": false,
            "ebs_block_device": [],
            "ebs_optimized": false,
            "enclave_options": [
              {
                "enabled": false
              }
            ],
            "ephemeral_block_device": [],
            "get_password_data": false,
            "hibernation": false,
            "host_id": null,
            "iam_instance_profile": "",
            "id": "i-0203cb5eb3119bd71",
            "instance_initiated_shutdown_behavior": "stop",
            "instance_state": "running",
            "instance_type": "t2.micro",
            "ipv6_address_count": 0,
            "ipv6_addresses": [],
            "key_name": "key-pair",
            "launch_template": [],
            "maintenance_options": [
              {
                "auto_recovery": "default"
              }
            ],
            "metadata_options": [
              {
                "http_endpoint": "enabled",
                "http_put_response_hop_limit": 1,
                "http_tokens": "optional",
                "instance_metadata_tags": "disabled"
              }
            ],
            "monitoring": false,
            "network_interface": [],
            "outpost_arn": "",
            "password_data": "",
            "placement_group": "",
            "placement_partition_number": null,
            "primary_network_interface_id": "eni-00c5bdc4aa6e8d587",
            "private_dns": "ip-10-0-2-118.ap-south-1.compute.internal",
            "private_dns_name_options": [
              {
                "enable_resource_name_dns_a_record": false,
                "enable_resource_name_dns_aaaa_record": false,
                "hostname_type": "ip-name"
              }
            ],
            "private_ip": "10.0.2.118",
            "public_dns": "",
            "public_ip": "35.154.39.0",
            "root_block_device": [
              {
                "delete_on_termination": true,
                "device_name": "/dev/sda1",
                "encrypted": false,
                "iops": 100,
                "kms_key_id": "",
                "tags": {},
                "throughput": 0,
                "volume_id": "vol-05f7b4eb4f9952f7a",
                "volume_size": 8,
                "volume_type": "gp2"
              }
            ],
            "secondary_private_ips": [],
            "security_groups": [
              "sg-06bc6499c180754a4"
            ],
            "source_dest_check": true,
            "subnet_id": "subnet-0a1385247a601acae",
            "tags": {
              "Name": "web-server"
            },
            "tags_all": {
              "Name": "web-server"
            },
            "tenancy": "default",
            "timeouts": null,
            "user_data": "38f8ca3d6325d93bd3c24a0ab097551f4db6bb70",
            "user_data_base64": null,
            "user_data_replace_on_change": false,
            "volume_tags": null,
            "vpc_security_group_ids": [
              "sg-06bc6499c180754a4"
            ]
          },
          "sensitive_attributes": [],
          "private": "eyJlMmJmYjczMC1lY2FhLTExZTYtOGY4OC0zNDM2M2JjN2M0YzAiOnsiY3JlYXRlIjo2MDAwMDAwMDAwMDAsImRlbGV0ZSI6MTIwMDAwMDAwMDAwMCwidXBkYXRlIjo2MDAwMDAwMDAwMDB9LCJzY2hlbWFfdmVyc2lvbiI6IjEifQ==",
          "dependencies": [
            "module.ec2.aws_db_instance.database-1",
            "module.ec2.aws_db_subnet_group.sgn",
            "module.ec2.data.template_file.nginx",
            "module.ec2.data.template_file.wpconfig",
            "module.network.aws_subnet.pub-snet",
            "module.network.aws_vpc.vpc",
            "module.sg.aws_security_group.vpc-sg",
            "module.sg2.aws_security_group.vpc-sg"
          ]
        }
      ]
    },
    {
      "module": "module.network",
      "mode": "data",
      "type": "aws_availability_zones",
      "name": "available",
      "provider": "provider[\"registry.terraform.io/hashicorp/aws\"]",
      "instances": [
        {
          "schema_version": 0,
          "attributes": {
            "all_availability_zones": null,
            "exclude_names": null,
            "exclude_zone_ids": null,
            "filter": null,
            "group_names": [
              "ap-south-1"
            ],
            "id": "ap-south-1",
            "names": [
              "ap-south-1a",
              "ap-south-1b",
              "ap-south-1c"
            ],
            "state": "available",
            "timeouts": null,
            "zone_ids": [
              "aps1-az1",
              "aps1-az3",
              "aps1-az2"
            ]
          },
          "sensitive_attributes": []
        }
      ]
    },
    {
      "module": "module.network",
      "mode": "managed",
      "type": "aws_internet_gateway",
      "name": "igw",
      "provider": "provider[\"registry.terraform.io/hashicorp/aws\"]",
      "instances": [
        {
          "schema_version": 0,
          "attributes": {
            "arn": "arn:aws:ec2:ap-south-1:640262166032:internet-gateway/igw-01b48377d66a9a408",
            "id": "igw-01b48377d66a9a408",
            "owner_id": "640262166032",
            "tags": {
              "Name": "{var.app_name}-default-igw",
              "env": "default"
            },
            "tags_all": {
              "Name": "{var.app_name}-default-igw",
              "env": "default"
            },
            "timeouts": null,
            "vpc_id": "vpc-0645384f5d6540abc"
          },
          "sensitive_attributes": [],
          "private": "eyJlMmJmYjczMC1lY2FhLTExZTYtOGY4OC0zNDM2M2JjN2M0YzAiOnsiY3JlYXRlIjoxMjAwMDAwMDAwMDAwLCJkZWxldGUiOjEyMDAwMDAwMDAwMDAsInVwZGF0ZSI6MTIwMDAwMDAwMDAwMH19",
          "dependencies": [
            "module.network.aws_vpc.vpc"
          ]
        }
      ]
    },
    {
      "module": "module.network",
      "mode": "managed",
      "type": "aws_route_table",
      "name": "pub-rt",
      "provider": "provider[\"registry.terraform.io/hashicorp/aws\"]",
      "instances": [
        {
          "schema_version": 0,
          "attributes": {
            "arn": "arn:aws:ec2:ap-south-1:640262166032:route-table/rtb-0fa5c4e9551cb6281",
            "id": "rtb-0fa5c4e9551cb6281",
            "owner_id": "640262166032",
            "propagating_vgws": [],
            "route": [
              {
                "carrier_gateway_id": "",
                "cidr_block": "0.0.0.0/0",
                "core_network_arn": "",
                "destination_prefix_list_id": "",
                "egress_only_gateway_id": "",
                "gateway_id": "igw-01b48377d66a9a408",
                "instance_id": "",
                "ipv6_cidr_block": "",
                "local_gateway_id": "",
                "nat_gateway_id": "",
                "network_interface_id": "",
                "transit_gateway_id": "",
                "vpc_endpoint_id": "",
                "vpc_peering_connection_id": ""
              }
            ],
            "tags": {
              "Name": "default-pub-rt",
              "env": "default"
            },
            "tags_all": {
              "Name": "default-pub-rt",
              "env": "default"
            },
            "timeouts": null,
            "vpc_id": "vpc-0645384f5d6540abc"
          },
          "sensitive_attributes": [],
          "private": "eyJlMmJmYjczMC1lY2FhLTExZTYtOGY4OC0zNDM2M2JjN2M0YzAiOnsiY3JlYXRlIjozMDAwMDAwMDAwMDAsImRlbGV0ZSI6MzAwMDAwMDAwMDAwLCJ1cGRhdGUiOjEyMDAwMDAwMDAwMH19",
          "dependencies": [
            "module.network.aws_internet_gateway.igw",
            "module.network.aws_vpc.vpc"
          ]
        }
      ]
    },
    {
      "module": "module.network",
      "mode": "managed",
      "type": "aws_route_table_association",
      "name": "rt-association",
      "provider": "provider[\"registry.terraform.io/hashicorp/aws\"]",
      "instances": [
        {
          "index_key": "s1",
          "schema_version": 0,
          "attributes": {
            "gateway_id": "",
            "id": "rtbassoc-040c70e9310412f8a",
            "route_table_id": "rtb-0fa5c4e9551cb6281",
            "subnet_id": "subnet-0a1385247a601acae"
          },
          "sensitive_attributes": [],
          "private": "bnVsbA==",
          "dependencies": [
            "module.network.aws_internet_gateway.igw",
            "module.network.aws_route_table.pub-rt",
            "module.network.aws_subnet.pub-snet",
            "module.network.aws_vpc.vpc"
          ]
        },
        {
          "index_key": "s2",
          "schema_version": 0,
          "attributes": {
            "gateway_id": "",
            "id": "rtbassoc-042727e49b9911239",
            "route_table_id": "rtb-0fa5c4e9551cb6281",
            "subnet_id": "subnet-0852350d28fa41548"
          },
          "sensitive_attributes": [],
          "private": "bnVsbA==",
          "dependencies": [
            "module.network.aws_internet_gateway.igw",
            "module.network.aws_route_table.pub-rt",
            "module.network.aws_subnet.pub-snet",
            "module.network.aws_vpc.vpc"
          ]
        }
      ]
    },
    {
      "module": "module.network",
      "mode": "managed",
      "type": "aws_subnet",
      "name": "pri-snet",
      "provider": "provider[\"registry.terraform.io/hashicorp/aws\"]",
      "instances": [
        {
          "index_key": "ps1",
          "schema_version": 1,
          "attributes": {
            "arn": "arn:aws:ec2:ap-south-1:640262166032:subnet/subnet-0d40b764b1c1a37f0",
            "assign_ipv6_address_on_creation": false,
            "availability_zone": "ap-south-1a",
            "availability_zone_id": "aps1-az1",
            "cidr_block": "10.0.8.0/22",
            "customer_owned_ipv4_pool": "",
            "enable_dns64": false,
            "enable_resource_name_dns_a_record_on_launch": false,
            "enable_resource_name_dns_aaaa_record_on_launch": false,
            "id": "subnet-0d40b764b1c1a37f0",
            "ipv6_cidr_block": "",
            "ipv6_cidr_block_association_id": "",
            "ipv6_native": false,
            "map_customer_owned_ip_on_launch": false,
            "map_public_ip_on_launch": false,
            "outpost_arn": "",
            "owner_id": "640262166032",
            "private_dns_hostname_type_on_launch": "ip-name",
            "tags": null,
            "tags_all": {},
            "timeouts": null,
            "vpc_id": "vpc-0645384f5d6540abc"
          },
          "sensitive_attributes": [],
          "private": "eyJlMmJmYjczMC1lY2FhLTExZTYtOGY4OC0zNDM2M2JjN2M0YzAiOnsiY3JlYXRlIjo2MDAwMDAwMDAwMDAsImRlbGV0ZSI6MTIwMDAwMDAwMDAwMH0sInNjaGVtYV92ZXJzaW9uIjoiMSJ9",
          "dependencies": [
            "module.network.aws_vpc.vpc"
          ]
        },
        {
          "index_key": "ps2",
          "schema_version": 1,
          "attributes": {
            "arn": "arn:aws:ec2:ap-south-1:640262166032:subnet/subnet-063f307b216960c51",
            "assign_ipv6_address_on_creation": false,
            "availability_zone": "ap-south-1b",
            "availability_zone_id": "aps1-az3",
            "cidr_block": "10.0.12.0/22",
            "customer_owned_ipv4_pool": "",
            "enable_dns64": false,
            "enable_resource_name_dns_a_record_on_launch": false,
            "enable_resource_name_dns_aaaa_record_on_launch": false,
            "id": "subnet-063f307b216960c51",
            "ipv6_cidr_block": "",
            "ipv6_cidr_block_association_id": "",
            "ipv6_native": false,
            "map_customer_owned_ip_on_launch": false,
            "map_public_ip_on_launch": false,
            "outpost_arn": "",
            "owner_id": "640262166032",
            "private_dns_hostname_type_on_launch": "ip-name",
            "tags": null,
            "tags_all": {},
            "timeouts": null,
            "vpc_id": "vpc-0645384f5d6540abc"
          },
          "sensitive_attributes": [],
          "private": "eyJlMmJmYjczMC1lY2FhLTExZTYtOGY4OC0zNDM2M2JjN2M0YzAiOnsiY3JlYXRlIjo2MDAwMDAwMDAwMDAsImRlbGV0ZSI6MTIwMDAwMDAwMDAwMH0sInNjaGVtYV92ZXJzaW9uIjoiMSJ9",
          "dependencies": [
            "module.network.aws_vpc.vpc"
          ]
        }
      ]
    },
    {
      "module": "module.network",
      "mode": "managed",
      "type": "aws_subnet",
      "name": "pub-snet",
      "provider": "provider[\"registry.terraform.io/hashicorp/aws\"]",
      "instances": [
        {
          "index_key": "s1",
          "schema_version": 1,
          "attributes": {
            "arn": "arn:aws:ec2:ap-south-1:640262166032:subnet/subnet-0a1385247a601acae",
            "assign_ipv6_address_on_creation": false,
            "availability_zone": "ap-south-1a",
            "availability_zone_id": "aps1-az1",
            "cidr_block": "10.0.0.0/22",
            "customer_owned_ipv4_pool": "",
            "enable_dns64": false,
            "enable_resource_name_dns_a_record_on_launch": false,
            "enable_resource_name_dns_aaaa_record_on_launch": false,
            "id": "subnet-0a1385247a601acae",
            "ipv6_cidr_block": "",
            "ipv6_cidr_block_association_id": "",
            "ipv6_native": false,
            "map_customer_owned_ip_on_launch": false,
            "map_public_ip_on_launch": true,
            "outpost_arn": "",
            "owner_id": "640262166032",
            "private_dns_hostname_type_on_launch": "ip-name",
            "tags": null,
            "tags_all": {},
            "timeouts": null,
            "vpc_id": "vpc-0645384f5d6540abc"
          },
          "sensitive_attributes": [],
          "private": "eyJlMmJmYjczMC1lY2FhLTExZTYtOGY4OC0zNDM2M2JjN2M0YzAiOnsiY3JlYXRlIjo2MDAwMDAwMDAwMDAsImRlbGV0ZSI6MTIwMDAwMDAwMDAwMH0sInNjaGVtYV92ZXJzaW9uIjoiMSJ9",
          "dependencies": [
            "module.network.aws_vpc.vpc"
          ]
        },
        {
          "index_key": "s2",
          "schema_version": 1,
          "attributes": {
            "arn": "arn:aws:ec2:ap-south-1:640262166032:subnet/subnet-0852350d28fa41548",
            "assign_ipv6_address_on_creation": false,
            "availability_zone": "ap-south-1b",
            "availability_zone_id": "aps1-az3",
            "cidr_block": "10.0.4.0/22",
            "customer_owned_ipv4_pool": "",
            "enable_dns64": false,
            "enable_resource_name_dns_a_record_on_launch": false,
            "enable_resource_name_dns_aaaa_record_on_launch": false,
            "id": "subnet-0852350d28fa41548",
            "ipv6_cidr_block": "",
            "ipv6_cidr_block_association_id": "",
            "ipv6_native": false,
            "map_customer_owned_ip_on_launch": false,
            "map_public_ip_on_launch": true,
            "outpost_arn": "",
            "owner_id": "640262166032",
            "private_dns_hostname_type_on_launch": "ip-name",
            "tags": null,
            "tags_all": {},
            "timeouts": null,
            "vpc_id": "vpc-0645384f5d6540abc"
          },
          "sensitive_attributes": [],
          "private": "eyJlMmJmYjczMC1lY2FhLTExZTYtOGY4OC0zNDM2M2JjN2M0YzAiOnsiY3JlYXRlIjo2MDAwMDAwMDAwMDAsImRlbGV0ZSI6MTIwMDAwMDAwMDAwMH0sInNjaGVtYV92ZXJzaW9uIjoiMSJ9",
          "dependencies": [
            "module.network.aws_vpc.vpc"
          ]
        }
      ]
    },
    {
      "module": "module.network",
      "mode": "managed",
      "type": "aws_vpc",
      "name": "vpc",
      "provider": "provider[\"registry.terraform.io/hashicorp/aws\"]",
      "instances": [
        {
          "schema_version": 1,
          "attributes": {
            "arn": "arn:aws:ec2:ap-south-1:640262166032:vpc/vpc-0645384f5d6540abc",
            "assign_generated_ipv6_cidr_block": false,
            "cidr_block": "10.0.0.0/20",
            "default_network_acl_id": "acl-0915fdf043e499bf5",
            "default_route_table_id": "rtb-003f1e0c1e952dfa4",
            "default_security_group_id": "sg-012936d25b354549b",
            "dhcp_options_id": "dopt-0525f2dcc98d905f2",
            "enable_classiclink": false,
            "enable_classiclink_dns_support": false,
            "enable_dns_hostnames": false,
            "enable_dns_support": true,
            "id": "vpc-0645384f5d6540abc",
            "instance_tenancy": "default",
            "ipv4_ipam_pool_id": null,
            "ipv4_netmask_length": null,
            "ipv6_association_id": "",
            "ipv6_cidr_block": "",
            "ipv6_cidr_block_network_border_group": "",
            "ipv6_ipam_pool_id": "",
            "ipv6_netmask_length": 0,
            "main_route_table_id": "rtb-003f1e0c1e952dfa4",
            "owner_id": "640262166032",
            "tags": {
              "Name": "web-default-vpc",
              "env": "default"
            },
            "tags_all": {
              "Name": "web-default-vpc",
              "env": "default"
            }
          },
          "sensitive_attributes": [],
          "private": "eyJzY2hlbWFfdmVyc2lvbiI6IjEifQ=="
        }
      ]
    },
    {
      "module": "module.sg",
      "mode": "managed",
      "type": "aws_security_group",
      "name": "vpc-sg",
      "provider": "provider[\"registry.terraform.io/hashicorp/aws\"]",
      "instances": [
        {
          "index_key": "web-server",
          "schema_version": 1,
          "attributes": {
            "arn": "arn:aws:ec2:ap-south-1:640262166032:security-group/sg-06bc6499c180754a4",
            "description": "httpd inbound",
            "egress": [
              {
                "cidr_blocks": [
                  "0.0.0.0/0"
                ],
                "description": "",
                "from_port": 0,
                "ipv6_cidr_blocks": [
                  "::/0"
                ],
                "prefix_list_ids": [],
                "protocol": "-1",
                "security_groups": [],
                "self": false,
                "to_port": 0
              }
            ],
            "id": "sg-06bc6499c180754a4",
            "ingress": [
              {
                "cidr_blocks": [
                  "0.0.0.0/0"
                ],
                "description": "",
                "from_port": 22,
                "ipv6_cidr_blocks": [],
                "prefix_list_ids": [],
                "protocol": "tcp",
                "security_groups": [],
                "self": false,
                "to_port": 22
              },
              {
                "cidr_blocks": [
                  "0.0.0.0/0"
                ],
                "description": "",
                "from_port": 80,
                "ipv6_cidr_blocks": [],
                "prefix_list_ids": [],
                "protocol": "tcp",
                "security_groups": [],
                "self": false,
                "to_port": 80
              }
            ],
            "name": "web-server",
            "name_prefix": "",
            "owner_id": "640262166032",
            "revoke_rules_on_delete": false,
            "tags": {
              "Name": ""
            },
            "tags_all": {
              "Name": ""
            },
            "timeouts": null,
            "vpc_id": "vpc-0645384f5d6540abc"
          },
          "sensitive_attributes": [],
          "private": "eyJlMmJmYjczMC1lY2FhLTExZTYtOGY4OC0zNDM2M2JjN2M0YzAiOnsiY3JlYXRlIjo2MDAwMDAwMDAwMDAsImRlbGV0ZSI6OTAwMDAwMDAwMDAwfSwic2NoZW1hX3ZlcnNpb24iOiIxIn0=",
          "dependencies": [
            "module.network.aws_vpc.vpc"
          ]
        }
      ]
    },
    {
      "module": "module.sg2",
      "mode": "managed",
      "type": "aws_security_group",
      "name": "vpc-sg",
      "provider": "provider[\"registry.terraform.io/hashicorp/aws\"]",
      "instances": [
        {
          "index_key": "rds-db",
          "schema_version": 1,
          "attributes": {
            "arn": "arn:aws:ec2:ap-south-1:640262166032:security-group/sg-0c5ac5d48d52a02ca",
            "description": "rsd inbound",
            "egress": [
              {
                "cidr_blocks": [
                  "0.0.0.0/0"
                ],
                "description": "",
                "from_port": 0,
                "ipv6_cidr_blocks": [
                  "::/0"
                ],
                "prefix_list_ids": [],
                "protocol": "-1",
                "security_groups": [],
                "self": false,
                "to_port": 0
              }
            ],
            "id": "sg-0c5ac5d48d52a02ca",
            "ingress": [
              {
                "cidr_blocks": [
                  "0.0.0.0/0"
                ],
                "description": "",
                "from_port": 3306,
                "ipv6_cidr_blocks": [],
                "prefix_list_ids": [],
                "protocol": "tcp",
                "security_groups": [],
                "self": false,
                "to_port": 3306
              }
            ],
            "name": "rds-db",
            "name_prefix": "",
            "owner_id": "640262166032",
            "revoke_rules_on_delete": false,
            "tags": {
              "Name": ""
            },
            "tags_all": {
              "Name": ""
            },
            "timeouts": null,
            "vpc_id": "vpc-0645384f5d6540abc"
          },
          "sensitive_attributes": [],
          "private": "eyJlMmJmYjczMC1lY2FhLTExZTYtOGY4OC0zNDM2M2JjN2M0YzAiOnsiY3JlYXRlIjo2MDAwMDAwMDAwMDAsImRlbGV0ZSI6OTAwMDAwMDAwMDAwfSwic2NoZW1hX3ZlcnNpb24iOiIxIn0=",
          "dependencies": [
            "module.network.aws_vpc.vpc",
            "module.sg.aws_security_group.vpc-sg"
          ]
        }
      ]
    }
  ]
}
